
Microsoft Visual Studio Solution File, Format Version 12.00
# Visual Studio Version 17
VisualStudioVersion = 17.5.2.0
MinimumVisualStudioVersion = 10.0.40219.1
Project("{FAE04EC0-301F-11D3-BF4B-00C04F79EFBC}") = "NLUTakehome", "NLUTakehome\NLUTakehome.csproj", "{D6A411CA-10D8-C37C-A24F-BE654159C621}"
EndProject
Project("{FAE04EC0-301F-11D3-BF4B-00C04F79EFBC}") = "NLUTakehome.Ingestion", "NLUTakehome.Ingestion\NLUTakehome.Ingestion.csproj", "{BE18563D-BF33-452B-B5DD-3A887E3FDBF6}"
EndProject
Project("{FAE04EC0-301F-11D3-BF4B-00C04F79EFBC}") = "NLUTakehome.Tests", "NLUTakehome.Tests\NLUTakehome.Tests.csproj", "{AD32B066-43A9-489A-BD68-802AAA25F8CB}"
EndProject
Global
	GlobalSection(SolutionConfigurationPlatforms) = preSolution
		Debug|Any CPU = Debug|Any CPU
		Debug|x64 = Debug|x64
		Debug|x86 = Debug|x86
		Release|Any CPU = Release|Any CPU
		Release|x64 = Release|x64
		Release|x86 = Release|x86
	EndGlobalSection
	GlobalSection(ProjectConfigurationPlatforms) = postSolution
		{D6A411CA-10D8-C37C-A24F-BE654159C621}.Debug|Any CPU.ActiveCfg = Debug|Any CPU
		{D6A411CA-10D8-C37C-A24F-BE654159C621}.Debug|Any CPU.Build.0 = Debug|Any CPU
		{D6A411CA-10D8-C37C-A24F-BE654159C621}.Debug|x64.ActiveCfg = Debug|Any CPU
		{D6A411CA-10D8-C37C-A24F-BE654159C621}.Debug|x64.Build.0 = Debug|Any CPU
		{D6A411CA-10D8-C37C-A24F-BE654159C621}.Debug|x86.ActiveCfg = Debug|Any CPU
		{D6A411CA-10D8-C37C-A24F-BE654159C621}.Debug|x86.Build.0 = Debug|Any CPU
		{D6A411CA-10D8-C37C-A24F-BE654159C621}.Release|Any CPU.ActiveCfg = Release|Any CPU
		{D6A411CA-10D8-C37C-A24F-BE654159C621}.Release|Any CPU.Build.0 = Release|Any CPU
		{D6A411CA-10D8-C37C-A24F-BE654159C621}.Release|x64.ActiveCfg = Release|Any CPU
		{D6A411CA-10D8-C37C-A24F-BE654159C621}.Release|x64.Build.0 = Release|Any CPU
		{D6A411CA-10D8-C37C-A24F-BE654159C621}.Release|x86.ActiveCfg = Release|Any CPU
		{D6A411CA-10D8-C37C-A24F-BE654159C621}.Release|x86.Build.0 = Release|Any CPU
		{BE18563D-BF33-452B-B5DD-3A887E3FDBF6}.Debug|Any CPU.ActiveCfg = Debug|Any CPU
		{BE18563D-BF33-452B-B5DD-3A887E3FDBF6}.Debug|Any CPU.Build.0 = Debug|Any CPU
		{BE18563D-BF33-452B-B5DD-3A887E3FDBF6}.Debug|x64.ActiveCfg = Debug|Any CPU
		{BE18563D-BF33-452B-B5DD-3A887E3FDBF6}.Debug|x64.Build.0 = Debug|Any CPU
		{BE18563D-BF33-452B-B5DD-3A887E3FDBF6}.Debug|x86.ActiveCfg = Debug|Any CPU
		{BE18563D-BF33-452B-B5DD-3A887E3FDBF6}.Debug|x86.Build.0 = Debug|Any CPU
		{BE18563D-BF33-452B-B5DD-3A887E3FDBF6}.Release|Any CPU.ActiveCfg = Release|Any CPU
		{BE18563D-BF33-452B-B5DD-3A887E3FDBF6}.Release|Any CPU.Build.0 = Release|Any CPU
		{BE18563D-BF33-452B-B5DD-3A887E3FDBF6}.Release|x64.ActiveCfg = Release|Any CPU
		{BE18563D-BF33-452B-B5DD-3A887E3FDBF6}.Release|x64.Build.0 = Release|Any CPU
		{BE18563D-BF33-452B-B5DD-3A887E3FDBF6}.Release|x86.ActiveCfg = Release|Any CPU
		{BE18563D-BF33-452B-B5DD-3A887E3FDBF6}.Release|x86.Build.0 = Release|Any CPU
		{AD32B066-43A9-489A-BD68-802AAA25F8CB}.Debug|Any CPU.ActiveCfg = Debug|Any CPU
		{AD32B066-43A9-489A-BD68-802AAA25F8CB}.Debug|Any CPU.Build.0 = Debug|Any CPU
		{AD32B066-43A9-489A-BD68-802AAA25F8CB}.Debug|x64.ActiveCfg = Debug|Any CPU
		{AD32B066-43A9-489A-BD68-802AAA25F8CB}.Debug|x64.Build.0 = Debug|Any CPU
		{AD32B066-43A9-489A-BD68-802AAA25F8CB}.Debug|x86.ActiveCfg = Debug|Any CPU
		{AD32B066-43A9-489A-BD68-802AAA25F8CB}.Debug|x86.Build.0 = Debug|Any CPU
		{AD32B066-43A9-489A-BD68-802AAA25F8CB}.Release|Any CPU.ActiveCfg = Release|Any CPU
		{AD32B066-43A9-489A-BD68-802AAA25F8CB}.Release|Any CPU.Build.0 = Release|Any CPU
		{AD32B066-43A9-489A-BD68-802AAA25F8CB}.Release|x64.ActiveCfg = Release|Any CPU
		{AD32B066-43A9-489A-BD68-802AAA25F8CB}.Release|x64.Build.0 = Release|Any CPU
		{AD32B066-43A9-489A-BD68-802AAA25F8CB}.Release|x86.ActiveCfg = Release|Any CPU
		{AD32B066-43A9-489A-BD68-802AAA25F8CB}.Release|x86.Build.0 = Release|Any CPU
	EndGlobalSection
	GlobalSection(SolutionProperties) = preSolution
		HideSolutionNode = FALSE
	EndGlobalSection
	GlobalSection(ExtensibilityGlobals) = postSolution
		SolutionGuid = {0E89DED2-5BEA-469B-8F05-828CDBEFBC31}
	EndGlobalSection
EndGlobal
